
Microsoft Visual Studio Solution File, Format Version 12.00
# Visual Studio Version 17
VisualStudioVersion = 17.10.35122.118
MinimumVisualStudioVersion = 10.0.40219.1
Project("{FAE04EC0-301F-11D3-BF4B-00C04F79EFBC}") = "Blazor.Notifications.API", "Blazor.Notifications.API\Blazor.Notifications.API.csproj", "{D4FE3F05-6DD2-4309-BADF-F6BCE95EA8BB}"
EndProject
Project("{FAE04EC0-301F-11D3-BF4B-00C04F79EFBC}") = "Blazor.Notifications.Web", "Blazor.Notifications.Web\Blazor.Notifications.Web.csproj", "{79C1300C-E391-44C2-B874-4F7B16E668F2}"
EndProject
Global
	GlobalSection(SolutionConfigurationPlatforms) = preSolution
		Debug|Any CPU = Debug|Any CPU
		Release|Any CPU = Release|Any CPU
	EndGlobalSection
	GlobalSection(ProjectConfigurationPlatforms) = postSolution
		{D4FE3F05-6DD2-4309-BADF-F6BCE95EA8BB}.Debug|Any CPU.ActiveCfg = Debug|Any CPU
		{D4FE3F05-6DD2-4309-BADF-F6BCE95EA8BB}.Debug|Any CPU.Build.0 = Debug|Any CPU
		{D4FE3F05-6DD2-4309-BADF-F6BCE95EA8BB}.Release|Any CPU.ActiveCfg = Release|Any CPU
		{D4FE3F05-6DD2-4309-BADF-F6BCE95EA8BB}.Release|Any CPU.Build.0 = Release|Any CPU
		{79C1300C-E391-44C2-B874-4F7B16E668F2}.Debug|Any CPU.ActiveCfg = Debug|Any CPU
		{79C1300C-E391-44C2-B874-4F7B16E668F2}.Debug|Any CPU.Build.0 = Debug|Any CPU
		{79C1300C-E391-44C2-B874-4F7B16E668F2}.Release|Any CPU.ActiveCfg = Release|Any CPU
		{79C1300C-E391-44C2-B874-4F7B16E668F2}.Release|Any CPU.Build.0 = Release|Any CPU
	EndGlobalSection
	GlobalSection(SolutionProperties) = preSolution
		HideSolutionNode = FALSE
	EndGlobalSection
	GlobalSection(ExtensibilityGlobals) = postSolution
		SolutionGuid = {CB28CDCE-F94C-439C-AAA1-3E32E96F0B65}
	EndGlobalSection
EndGlobal
